{
  "name": "fire-prompt-builder",
  "lockfileVersion": 2,
  "requires": true,
  "packages": {
    "": {
      "devDependencies": {
        "@vitejs/plugin-react": "^4.0.0"
      }
    },
    "node_modules/@vitejs/plugin-react": {
      "version": "4.0.0",
      "resolved": "https://registry.npmjs.org/@vitejs/plugin-react/-/plugin-react-4.0.0.tgz",
      "integrity": "sha512-xyz"
    }
  }
}